{
  "name": "gammapbx",
  "version": "1.0.1",
  "lockfileVersion": 2,
  "requires": true,
  "packages": {
    "": {
      "version": "1.0.1",
      "license": "MIT",
      "dependencies": {
        "@types/google-protobuf": "^3.7.4",
        "google-protobuf": "^3.2.0",
        "protoc-gen-ts": "^0.3.5"
      },
      "devDependencies": {
        "typescript": "^4.2.3"
      }
    },
    "node_modules/@types/google-protobuf": {
      "version": "3.7.4",
      "resolved": "https://registry.npmjs.org/@types/google-protobuf/-/google-protobuf-3.7.4.tgz",
      "integrity": "sha512-6PjMFKl13cgB4kRdYtvyjKl8VVa0PXS2IdVxHhQ8GEKbxBkyJtSbaIeK1eZGjDKN7dvUh4vkOvU9FMwYNv4GQQ=="
    },
    "node_modules/google-protobuf": {
      "version": "3.15.7",
      "resolved": "https://registry.npmjs.org/google-protobuf/-/google-protobuf-3.15.7.tgz",
      "integrity": "sha512-S/kTHcT98AV2FxEwtT5lvgffeS87BB6hloZm+pYKkpzwtySwNiKcqXZbxpq/Odh3Wib1RdOe/oY2EHdi17YrlQ=="
    },
    "node_modules/protoc-gen-ts": {
      "version": "0.3.5",
      "resolved": "https://registry.npmjs.org/protoc-gen-ts/-/protoc-gen-ts-0.3.5.tgz",
      "integrity": "sha512-Q/jVJ5QUUzgwin7b/aoN+MCyOQnM/p3BEnBytkxuhl5orbf0Zs7rjd4NTmpuPcoHrx4mhmTXYOXc23cMhDKdnw==",
      "bin": {
        "protoc-gen-ts": "bin/protoc-gen-ts"
      },
      "peerDependencies": {
        "google-protobuf": "^3.13.0",
        "typescript": "^4.0.2"
      }
    },
    "node_modules/typescript": {
      "version": "4.2.3",
      "resolved": "https://registry.npmjs.org/typescript/-/typescript-4.2.3.tgz",
      "integrity": "sha512-qOcYwxaByStAWrBf4x0fibwZvMRG+r4cQoTjbPtUlrWjBHbmCAww1i448U0GJ+3cNNEtebDteo/cHOR3xJ4wEw==",
      "bin": {
        "tsc": "bin/tsc",
        "tsserver": "bin/tsserver"
      },
      "engines": {
        "node": ">=4.2.0"
      }
    }
  },
  "dependencies": {
    "@types/google-protobuf": {
      "version": "3.7.4",
      "resolved": "https://registry.npmjs.org/@types/google-protobuf/-/google-protobuf-3.7.4.tgz",
      "integrity": "sha512-6PjMFKl13cgB4kRdYtvyjKl8VVa0PXS2IdVxHhQ8GEKbxBkyJtSbaIeK1eZGjDKN7dvUh4vkOvU9FMwYNv4GQQ=="
    },
    "google-protobuf": {
      "version": "3.15.7",
      "resolved": "https://registry.npmjs.org/google-protobuf/-/google-protobuf-3.15.7.tgz",
      "integrity": "sha512-S/kTHcT98AV2FxEwtT5lvgffeS87BB6hloZm+pYKkpzwtySwNiKcqXZbxpq/Odh3Wib1RdOe/oY2EHdi17YrlQ=="
    },
    "protoc-gen-ts": {
      "version": "0.3.5",
      "resolved": "https://registry.npmjs.org/protoc-gen-ts/-/protoc-gen-ts-0.3.5.tgz",
      "integrity": "sha512-Q/jVJ5QUUzgwin7b/aoN+MCyOQnM/p3BEnBytkxuhl5orbf0Zs7rjd4NTmpuPcoHrx4mhmTXYOXc23cMhDKdnw==",
      "requires": {}
    },
    "typescript": {
      "version": "4.2.3",
      "resolved": "https://registry.npmjs.org/typescript/-/typescript-4.2.3.tgz",
      "integrity": "sha512-qOcYwxaByStAWrBf4x0fibwZvMRG+r4cQoTjbPtUlrWjBHbmCAww1i448U0GJ+3cNNEtebDteo/cHOR3xJ4wEw=="
    }
  }
}
