{
  "name": "gammapbx",
  "version": "1.1.0",
  "lockfileVersion": 2,
  "requires": true,
  "packages": {
    "": {
      "version": "1.1.0",
      "license": "MIT",
      "dependencies": {
        "google-protobuf": "^3.2.0",
        "protoc-gen-ts": "^0.4.0"
      },
      "devDependencies": {
        "@types/google-protobuf": "^3.7.4",
        "typescript": "^4.2.3"
      }
    },
    "node_modules/@types/google-protobuf": {
      "version": "3.15.5",
      "resolved": "https://registry.npmjs.org/@types/google-protobuf/-/google-protobuf-3.15.5.tgz",
      "integrity": "sha512-6bgv24B+A2bo9AfzReeg5StdiijKzwwnRflA8RLd1V4Yv995LeTmo0z69/MPbBDFSiZWdZHQygLo/ccXhMEDgw==",
      "dev": true
    },
    "node_modules/google-protobuf": {
      "version": "3.19.0",
      "resolved": "https://registry.npmjs.org/google-protobuf/-/google-protobuf-3.19.0.tgz",
      "integrity": "sha512-qXGAiv3OOlaJXJNeKOBKxbBAwjsxzhx+12ZdKOkZTsqsRkyiQRmr/nBkAkqnuQ8cmA9X5NVXvObQTpHVnXE2DQ=="
    },
    "node_modules/protoc-gen-ts": {
      "version": "0.4.0",
      "resolved": "https://registry.npmjs.org/protoc-gen-ts/-/protoc-gen-ts-0.4.0.tgz",
      "integrity": "sha512-TUoAT45fC9Fpcbp+rOdjzUPytnYkV8YR0xQ9atZi69RNV2/if600cDxBPXXbujGIegTmiEaUkQIz4Rrk2lOyUQ==",
      "bin": {
        "protoc-gen-ts": "bin/protoc-gen-ts"
      },
      "funding": {
        "type": "individual",
        "url": "https://www.buymeacoffee.com/thesayyn"
      },
      "peerDependencies": {
        "google-protobuf": "^3.13.0",
        "typescript": ">=4"
      }
    },
    "node_modules/typescript": {
      "version": "4.4.4",
      "resolved": "https://registry.npmjs.org/typescript/-/typescript-4.4.4.tgz",
      "integrity": "sha512-DqGhF5IKoBl8WNf8C1gu8q0xZSInh9j1kJJMqT3a94w1JzVaBU4EXOSMrz9yDqMT0xt3selp83fuFMQ0uzv6qA==",
      "bin": {
        "tsc": "bin/tsc",
        "tsserver": "bin/tsserver"
      },
      "engines": {
        "node": ">=4.2.0"
      }
    }
  },
  "dependencies": {
    "@types/google-protobuf": {
      "version": "3.15.5",
      "resolved": "https://registry.npmjs.org/@types/google-protobuf/-/google-protobuf-3.15.5.tgz",
      "integrity": "sha512-6bgv24B+A2bo9AfzReeg5StdiijKzwwnRflA8RLd1V4Yv995LeTmo0z69/MPbBDFSiZWdZHQygLo/ccXhMEDgw==",
      "dev": true
    },
    "google-protobuf": {
      "version": "3.19.0",
      "resolved": "https://registry.npmjs.org/google-protobuf/-/google-protobuf-3.19.0.tgz",
      "integrity": "sha512-qXGAiv3OOlaJXJNeKOBKxbBAwjsxzhx+12ZdKOkZTsqsRkyiQRmr/nBkAkqnuQ8cmA9X5NVXvObQTpHVnXE2DQ=="
    },
    "protoc-gen-ts": {
      "version": "0.4.0",
      "resolved": "https://registry.npmjs.org/protoc-gen-ts/-/protoc-gen-ts-0.4.0.tgz",
      "integrity": "sha512-TUoAT45fC9Fpcbp+rOdjzUPytnYkV8YR0xQ9atZi69RNV2/if600cDxBPXXbujGIegTmiEaUkQIz4Rrk2lOyUQ==",
      "requires": {}
    },
    "typescript": {
      "version": "4.4.4",
      "resolved": "https://registry.npmjs.org/typescript/-/typescript-4.4.4.tgz",
      "integrity": "sha512-DqGhF5IKoBl8WNf8C1gu8q0xZSInh9j1kJJMqT3a94w1JzVaBU4EXOSMrz9yDqMT0xt3selp83fuFMQ0uzv6qA=="
    }
  }
}
