{
  "name": "gammapbx",
  "version": "1.0.3",
  "lockfileVersion": 2,
  "requires": true,
  "packages": {
    "": {
      "version": "1.0.3",
      "license": "MIT",
      "dependencies": {
        "google-protobuf": "^3.2.0"
      },
      "devDependencies": {
        "@types/google-protobuf": "^3.7.4",
        "typescript": "^4.2.3"
      }
    },
    "node_modules/@types/google-protobuf": {
      "version": "3.7.4",
      "resolved": "https://registry.npmjs.org/@types/google-protobuf/-/google-protobuf-3.7.4.tgz",
      "integrity": "sha512-6PjMFKl13cgB4kRdYtvyjKl8VVa0PXS2IdVxHhQ8GEKbxBkyJtSbaIeK1eZGjDKN7dvUh4vkOvU9FMwYNv4GQQ==",
      "dev": true
    },
    "node_modules/google-protobuf": {
      "version": "3.15.8",
      "resolved": "https://registry.npmjs.org/google-protobuf/-/google-protobuf-3.15.8.tgz",
      "integrity": "sha512-2jtfdqTaSxk0cuBJBtTTWsot4WtR9RVr2rXg7x7OoqiuOKopPrwXpM1G4dXIkLcUNRh3RKzz76C8IOkksZSeOw=="
    },
    "node_modules/typescript": {
      "version": "4.2.4",
      "resolved": "https://registry.npmjs.org/typescript/-/typescript-4.2.4.tgz",
      "integrity": "sha512-V+evlYHZnQkaz8TRBuxTA92yZBPotr5H+WhQ7bD3hZUndx5tGOa1fuCgeSjxAzM1RiN5IzvadIXTVefuuwZCRg==",
      "dev": true,
      "bin": {
        "tsc": "bin/tsc",
        "tsserver": "bin/tsserver"
      },
      "engines": {
        "node": ">=4.2.0"
      }
    }
  },
  "dependencies": {
    "@types/google-protobuf": {
      "version": "3.7.4",
      "resolved": "https://registry.npmjs.org/@types/google-protobuf/-/google-protobuf-3.7.4.tgz",
      "integrity": "sha512-6PjMFKl13cgB4kRdYtvyjKl8VVa0PXS2IdVxHhQ8GEKbxBkyJtSbaIeK1eZGjDKN7dvUh4vkOvU9FMwYNv4GQQ==",
      "dev": true
    },
    "google-protobuf": {
      "version": "3.15.8",
      "resolved": "https://registry.npmjs.org/google-protobuf/-/google-protobuf-3.15.8.tgz",
      "integrity": "sha512-2jtfdqTaSxk0cuBJBtTTWsot4WtR9RVr2rXg7x7OoqiuOKopPrwXpM1G4dXIkLcUNRh3RKzz76C8IOkksZSeOw=="
    },
    "typescript": {
      "version": "4.2.4",
      "resolved": "https://registry.npmjs.org/typescript/-/typescript-4.2.4.tgz",
      "integrity": "sha512-V+evlYHZnQkaz8TRBuxTA92yZBPotr5H+WhQ7bD3hZUndx5tGOa1fuCgeSjxAzM1RiN5IzvadIXTVefuuwZCRg==",
      "dev": true
    }
  }
}
